
Microsoft Visual Studio Solution File, Format Version 12.00
# Visual Studio Version 16
VisualStudioVersion = 16.0.29306.81
MinimumVisualStudioVersion = 10.0.40219.1
Project("{FAE04EC0-301F-11D3-BF4B-00C04F79EFBC}") = "FileEncrypt", "FileEncrypt\FileEncrypt.csproj", "{5750A3AD-359C-4C98-83CD-C9E064E7D328}"
EndProject
Global
	GlobalSection(SolutionConfigurationPlatforms) = preSolution
		Debug|Any CPU = Debug|Any CPU
		Release|Any CPU = Release|Any CPU
	EndGlobalSection
	GlobalSection(ProjectConfigurationPlatforms) = postSolution
		{5750A3AD-359C-4C98-83CD-C9E064E7D328}.Debug|Any CPU.ActiveCfg = Debug|Any CPU
		{5750A3AD-359C-4C98-83CD-C9E064E7D328}.Debug|Any CPU.Build.0 = Debug|Any CPU
		{5750A3AD-359C-4C98-83CD-C9E064E7D328}.Release|Any CPU.ActiveCfg = Release|Any CPU
		{5750A3AD-359C-4C98-83CD-C9E064E7D328}.Release|Any CPU.Build.0 = Release|Any CPU
	EndGlobalSection
	GlobalSection(SolutionProperties) = preSolution
		HideSolutionNode = FALSE
	EndGlobalSection
	GlobalSection(ExtensibilityGlobals) = postSolution
		SolutionGuid = {DF2CB898-62B3-4A84-81E6-D4EEED575198}
	EndGlobalSection
EndGlobal
